// !$*UTF8*$!
{
	archiveVersion = 1;
	classes = {
	};
	objectVersion = 56;
	objects = {

/* Begin PBXBuildFile section */
		B52D8A2D291D31DF00BA0251 /* ShortcutAppApp.swift in Sources */ = {isa = PBXBuildFile; fileRef = B52D8A2C291D31DF00BA0251 /* ShortcutAppApp.swift */; };
		B52D8A2F291D31DF00BA0251 /* ContentView.swift in Sources */ = {isa = PBXBuildFile; fileRef = B52D8A2E291D31DF00BA0251 /* ContentView.swift */; };
		B52D8A31291D31E100BA0251 /* Assets.xcassets in Resources */ = {isa = PBXBuildFile; fileRef = B52D8A30291D31E100BA0251 /* Assets.xcassets */; };
		B52D8A34291D31E100BA0251 /* Preview Assets.xcassets in Resources */ = {isa = PBXBuildFile; fileRef = B52D8A33291D31E100BA0251 /* Preview Assets.xcassets */; };
		B52D8A41291D31FD00BA0251 /* WidgetKit.framework in Frameworks */ = {isa = PBXBuildFile; fileRef = B52D8A40291D31FD00BA0251 /* WidgetKit.framework */; };
		B52D8A43291D31FD00BA0251 /* SwiftUI.framework in Frameworks */ = {isa = PBXBuildFile; fileRef = B52D8A42291D31FD00BA0251 /* SwiftUI.framework */; };
		B52D8A46291D31FD00BA0251 /* ShortcutWidgetBundle.swift in Sources */ = {isa = PBXBuildFile; fileRef = B52D8A45291D31FD00BA0251 /* ShortcutWidgetBundle.swift */; };
		B52D8A48291D31FD00BA0251 /* ShortcutWidgetSmall.swift in Sources */ = {isa = PBXBuildFile; fileRef = B52D8A47291D31FD00BA0251 /* ShortcutWidgetSmall.swift */; };
		B52D8A4B291D31FE00BA0251 /* Assets.xcassets in Resources */ = {isa = PBXBuildFile; fileRef = B52D8A4A291D31FE00BA0251 /* Assets.xcassets */; };
		B52D8A4D291D31FE00BA0251 /* ShortcutWidget.intentdefinition in Sources */ = {isa = PBXBuildFile; fileRef = B52D8A49291D31FD00BA0251 /* ShortcutWidget.intentdefinition */; };
		B52D8A4E291D31FE00BA0251 /* ShortcutWidget.intentdefinition in Sources */ = {isa = PBXBuildFile; fileRef = B52D8A49291D31FD00BA0251 /* ShortcutWidget.intentdefinition */; };
		B52D8A51291D31FE00BA0251 /* ShortcutWidgetExtension.appex in Embed Foundation Extensions */ = {isa = PBXBuildFile; fileRef = B52D8A3E291D31FD00BA0251 /* ShortcutWidgetExtension.appex */; settings = {ATTRIBUTES = (RemoveHeadersOnCopy, ); }; };
		B52D8A7E291D354A00BA0251 /* ShortcutWidgetMediumView.swift in Sources */ = {isa = PBXBuildFile; fileRef = B52D8A7C291D354A00BA0251 /* ShortcutWidgetMediumView.swift */; };
		B52D8A7F291D354A00BA0251 /* ShortcutWidgetSmallView.swift in Sources */ = {isa = PBXBuildFile; fileRef = B52D8A7D291D354A00BA0251 /* ShortcutWidgetSmallView.swift */; };
		B52D8A81291D358300BA0251 /* ShortcutWidgetColor.swift in Sources */ = {isa = PBXBuildFile; fileRef = B52D8A80291D358300BA0251 /* ShortcutWidgetColor.swift */; };
		B52D8A83291D35EA00BA0251 /* Colors.xcassets in Resources */ = {isa = PBXBuildFile; fileRef = B52D8A82291D35EA00BA0251 /* Colors.xcassets */; };
		B5B907DE291D83A10035FB7A /* ShortcutData.swift in Sources */ = {isa = PBXBuildFile; fileRef = B5B907DD291D83A10035FB7A /* ShortcutData.swift */; };
		B5B907DF291DA6E80035FB7A /* ShortcutData.swift in Sources */ = {isa = PBXBuildFile; fileRef = B5B907DD291D83A10035FB7A /* ShortcutData.swift */; };
		B5B907E4291DECB70035FB7A /* ShortcutWidgetAction.swift in Sources */ = {isa = PBXBuildFile; fileRef = B5B907E1291DE7A30035FB7A /* ShortcutWidgetAction.swift */; };
		B5B907E7291E8BF30035FB7A /* ShortcutWidgetMedium.swift in Sources */ = {isa = PBXBuildFile; fileRef = B5B907E5291E8B8F0035FB7A /* ShortcutWidgetMedium.swift */; };
		B5DF1AB82926F07A00A20EBE /* MediumButton.swift in Sources */ = {isa = PBXBuildFile; fileRef = B5DF1AB62926EEA000A20EBE /* MediumButton.swift */; };
/* End PBXBuildFile section */

/* Begin PBXContainerItemProxy section */
		B52D8A4F291D31FE00BA0251 /* PBXContainerItemProxy */ = {
			isa = PBXContainerItemProxy;
			containerPortal = B52D8A21291D31DF00BA0251 /* Project object */;
			proxyType = 1;
			remoteGlobalIDString = B52D8A3D291D31FD00BA0251;
			remoteInfo = ShortcutWidgetExtension;
		};
/* End PBXContainerItemProxy section */

/* Begin PBXCopyFilesBuildPhase section */
		B52D8A55291D31FE00BA0251 /* Embed Foundation Extensions */ = {
			isa = PBXCopyFilesBuildPhase;
			buildActionMask = 2147483647;
			dstPath = "";
			dstSubfolderSpec = 13;
			files = (
				B52D8A51291D31FE00BA0251 /* ShortcutWidgetExtension.appex in Embed Foundation Extensions */,
			);
			name = "Embed Foundation Extensions";
			runOnlyForDeploymentPostprocessing = 0;
		};
/* End PBXCopyFilesBuildPhase section */

/* Begin PBXFileReference section */
		B52D8A29291D31DF00BA0251 /* ShortcutApp.app */ = {isa = PBXFileReference; explicitFileType = wrapper.application; includeInIndex = 0; path = ShortcutApp.app; sourceTree = BUILT_PRODUCTS_DIR; };
		B52D8A2C291D31DF00BA0251 /* ShortcutAppApp.swift */ = {isa = PBXFileReference; lastKnownFileType = sourcecode.swift; path = ShortcutAppApp.swift; sourceTree = "<group>"; };
		B52D8A2E291D31DF00BA0251 /* ContentView.swift */ = {isa = PBXFileReference; lastKnownFileType = sourcecode.swift; path = ContentView.swift; sourceTree = "<group>"; };
		B52D8A30291D31E100BA0251 /* Assets.xcassets */ = {isa = PBXFileReference; lastKnownFileType = folder.assetcatalog; path = Assets.xcassets; sourceTree = "<group>"; };
		B52D8A33291D31E100BA0251 /* Preview Assets.xcassets */ = {isa = PBXFileReference; lastKnownFileType = folder.assetcatalog; path = "Preview Assets.xcassets"; sourceTree = "<group>"; };
		B52D8A3E291D31FD00BA0251 /* ShortcutWidgetExtension.appex */ = {isa = PBXFileReference; explicitFileType = "wrapper.app-extension"; includeInIndex = 0; path = ShortcutWidgetExtension.appex; sourceTree = BUILT_PRODUCTS_DIR; };
		B52D8A40291D31FD00BA0251 /* WidgetKit.framework */ = {isa = PBXFileReference; lastKnownFileType = wrapper.framework; name = WidgetKit.framework; path = System/Library/Frameworks/WidgetKit.framework; sourceTree = SDKROOT; };
		B52D8A42291D31FD00BA0251 /* SwiftUI.framework */ = {isa = PBXFileReference; lastKnownFileType = wrapper.framework; name = SwiftUI.framework; path = System/Library/Frameworks/SwiftUI.framework; sourceTree = SDKROOT; };
		B52D8A45291D31FD00BA0251 /* ShortcutWidgetBundle.swift */ = {isa = PBXFileReference; lastKnownFileType = sourcecode.swift; path = ShortcutWidgetBundle.swift; sourceTree = "<group>"; };
		B52D8A47291D31FD00BA0251 /* ShortcutWidgetSmall.swift */ = {isa = PBXFileReference; lastKnownFileType = sourcecode.swift; path = ShortcutWidgetSmall.swift; sourceTree = "<group>"; };
		B52D8A49291D31FD00BA0251 /* ShortcutWidget.intentdefinition */ = {isa = PBXFileReference; lastKnownFileType = file.intentdefinition; path = ShortcutWidget.intentdefinition; sourceTree = "<group>"; };
		B52D8A4A291D31FE00BA0251 /* Assets.xcassets */ = {isa = PBXFileReference; lastKnownFileType = folder.assetcatalog; path = Assets.xcassets; sourceTree = "<group>"; };
		B52D8A4C291D31FE00BA0251 /* Info.plist */ = {isa = PBXFileReference; lastKnownFileType = text.plist.xml; path = Info.plist; sourceTree = "<group>"; };
		B52D8A5B291D32A100BA0251 /* Intents.framework */ = {isa = PBXFileReference; lastKnownFileType = wrapper.framework; name = Intents.framework; path = System/Library/Frameworks/Intents.framework; sourceTree = SDKROOT; };
		B52D8A7C291D354A00BA0251 /* ShortcutWidgetMediumView.swift */ = {isa = PBXFileReference; fileEncoding = 4; lastKnownFileType = sourcecode.swift; path = ShortcutWidgetMediumView.swift; sourceTree = "<group>"; };
		B52D8A7D291D354A00BA0251 /* ShortcutWidgetSmallView.swift */ = {isa = PBXFileReference; fileEncoding = 4; lastKnownFileType = sourcecode.swift; path = ShortcutWidgetSmallView.swift; sourceTree = "<group>"; };
		B52D8A80291D358300BA0251 /* ShortcutWidgetColor.swift */ = {isa = PBXFileReference; lastKnownFileType = sourcecode.swift; path = ShortcutWidgetColor.swift; sourceTree = "<group>"; };
		B52D8A82291D35EA00BA0251 /* Colors.xcassets */ = {isa = PBXFileReference; lastKnownFileType = folder.assetcatalog; path = Colors.xcassets; sourceTree = "<group>"; };
		B5B907DD291D83A10035FB7A /* ShortcutData.swift */ = {isa = PBXFileReference; lastKnownFileType = sourcecode.swift; path = ShortcutData.swift; sourceTree = "<group>"; };
		B5B907E0291DC95D0035FB7A /* Info.plist */ = {isa = PBXFileReference; lastKnownFileType = text.plist; path = Info.plist; sourceTree = "<group>"; };
		B5B907E1291DE7A30035FB7A /* ShortcutWidgetAction.swift */ = {isa = PBXFileReference; lastKnownFileType = sourcecode.swift; path = ShortcutWidgetAction.swift; sourceTree = "<group>"; };
		B5B907E5291E8B8F0035FB7A /* ShortcutWidgetMedium.swift */ = {isa = PBXFileReference; lastKnownFileType = sourcecode.swift; path = ShortcutWidgetMedium.swift; sourceTree = "<group>"; };
		B5DF1AB62926EEA000A20EBE /* MediumButton.swift */ = {isa = PBXFileReference; lastKnownFileType = sourcecode.swift; path = MediumButton.swift; sourceTree = "<group>"; };
/* End PBXFileReference section */

/* Begin PBXFrameworksBuildPhase section */
		B52D8A26291D31DF00BA0251 /* Frameworks */ = {
			isa = PBXFrameworksBuildPhase;
			buildActionMask = 2147483647;
			files = (
			);
			runOnlyForDeploymentPostprocessing = 0;
		};
		B52D8A3B291D31FD00BA0251 /* Frameworks */ = {
			isa = PBXFrameworksBuildPhase;
			buildActionMask = 2147483647;
			files = (
				B52D8A43291D31FD00BA0251 /* SwiftUI.framework in Frameworks */,
				B52D8A41291D31FD00BA0251 /* WidgetKit.framework in Frameworks */,
			);
			runOnlyForDeploymentPostprocessing = 0;
		};
/* End PBXFrameworksBuildPhase section */

/* Begin PBXGroup section */
		B52D8A20291D31DF00BA0251 = {
			isa = PBXGroup;
			children = (
				B52D8A2B291D31DF00BA0251 /* ShortcutApp */,
				B52D8A44291D31FD00BA0251 /* ShortcutWidget */,
				B52D8A3F291D31FD00BA0251 /* Frameworks */,
				B52D8A2A291D31DF00BA0251 /* Products */,
			);
			sourceTree = "<group>";
		};
		B52D8A2A291D31DF00BA0251 /* Products */ = {
			isa = PBXGroup;
			children = (
				B52D8A29291D31DF00BA0251 /* ShortcutApp.app */,
				B52D8A3E291D31FD00BA0251 /* ShortcutWidgetExtension.appex */,
			);
			name = Products;
			sourceTree = "<group>";
		};
		B52D8A2B291D31DF00BA0251 /* ShortcutApp */ = {
			isa = PBXGroup;
			children = (
				B5B907E0291DC95D0035FB7A /* Info.plist */,
				B52D8A2C291D31DF00BA0251 /* ShortcutAppApp.swift */,
				B52D8A2E291D31DF00BA0251 /* ContentView.swift */,
				B5B907DD291D83A10035FB7A /* ShortcutData.swift */,
				B52D8A30291D31E100BA0251 /* Assets.xcassets */,
				B52D8A32291D31E100BA0251 /* Preview Content */,
			);
			path = ShortcutApp;
			sourceTree = "<group>";
		};
		B52D8A32291D31E100BA0251 /* Preview Content */ = {
			isa = PBXGroup;
			children = (
				B52D8A33291D31E100BA0251 /* Preview Assets.xcassets */,
			);
			path = "Preview Content";
			sourceTree = "<group>";
		};
		B52D8A3F291D31FD00BA0251 /* Frameworks */ = {
			isa = PBXGroup;
			children = (
				B52D8A40291D31FD00BA0251 /* WidgetKit.framework */,
				B52D8A42291D31FD00BA0251 /* SwiftUI.framework */,
				B52D8A5B291D32A100BA0251 /* Intents.framework */,
			);
			name = Frameworks;
			sourceTree = "<group>";
		};
		B52D8A44291D31FD00BA0251 /* ShortcutWidget */ = {
			isa = PBXGroup;
			children = (
				B52D8A45291D31FD00BA0251 /* ShortcutWidgetBundle.swift */,
				B52D8A47291D31FD00BA0251 /* ShortcutWidgetSmall.swift */,
				B5B907E5291E8B8F0035FB7A /* ShortcutWidgetMedium.swift */,
				B5B907E3291DE7D90035FB7A /* Data */,
				B52D8A69291D32FA00BA0251 /* Views */,
				B52D8A49291D31FD00BA0251 /* ShortcutWidget.intentdefinition */,
				B52D8A4A291D31FE00BA0251 /* Assets.xcassets */,
				B52D8A82291D35EA00BA0251 /* Colors.xcassets */,
				B52D8A4C291D31FE00BA0251 /* Info.plist */,
			);
			path = ShortcutWidget;
			sourceTree = "<group>";
		};
		B52D8A69291D32FA00BA0251 /* Views */ = {
			isa = PBXGroup;
			children = (
				B52D8A7D291D354A00BA0251 /* ShortcutWidgetSmallView.swift */,
				B52D8A7C291D354A00BA0251 /* ShortcutWidgetMediumView.swift */,
				B5DF1AB52926EE7800A20EBE /* Components */,
			);
			path = Views;
			sourceTree = "<group>";
		};
		B5B907E3291DE7D90035FB7A /* Data */ = {
			isa = PBXGroup;
			children = (
				B52D8A80291D358300BA0251 /* ShortcutWidgetColor.swift */,
				B5B907E1291DE7A30035FB7A /* ShortcutWidgetAction.swift */,
			);
			path = Data;
			sourceTree = "<group>";
		};
		B5DF1AB52926EE7800A20EBE /* Components */ = {
			isa = PBXGroup;
			children = (
				B5DF1AB62926EEA000A20EBE /* MediumButton.swift */,
			);
			path = Components;
			sourceTree = "<group>";
		};
/* End PBXGroup section */

/* Begin PBXNativeTarget section */
		B52D8A28291D31DF00BA0251 /* ShortcutApp */ = {
			isa = PBXNativeTarget;
			buildConfigurationList = B52D8A37291D31E100BA0251 /* Build configuration list for PBXNativeTarget "ShortcutApp" */;
			buildPhases = (
				B52D8A25291D31DF00BA0251 /* Sources */,
				B52D8A26291D31DF00BA0251 /* Frameworks */,
				B52D8A27291D31DF00BA0251 /* Resources */,
				B52D8A55291D31FE00BA0251 /* Embed Foundation Extensions */,
			);
			buildRules = (
			);
			dependencies = (
				B52D8A50291D31FE00BA0251 /* PBXTargetDependency */,
			);
			name = ShortcutApp;
			productName = ShortcutApp;
			productReference = B52D8A29291D31DF00BA0251 /* ShortcutApp.app */;
			productType = "com.apple.product-type.application";
		};
		B52D8A3D291D31FD00BA0251 /* ShortcutWidgetExtension */ = {
			isa = PBXNativeTarget;
			buildConfigurationList = B52D8A52291D31FE00BA0251 /* Build configuration list for PBXNativeTarget "ShortcutWidgetExtension" */;
			buildPhases = (
				B52D8A3A291D31FD00BA0251 /* Sources */,
				B52D8A3B291D31FD00BA0251 /* Frameworks */,
				B52D8A3C291D31FD00BA0251 /* Resources */,
			);
			buildRules = (
			);
			dependencies = (
			);
			name = ShortcutWidgetExtension;
			productName = ShortcutWidgetExtension;
			productReference = B52D8A3E291D31FD00BA0251 /* ShortcutWidgetExtension.appex */;
			productType = "com.apple.product-type.app-extension";
		};
/* End PBXNativeTarget section */

/* Begin PBXProject section */
		B52D8A21291D31DF00BA0251 /* Project object */ = {
			isa = PBXProject;
			attributes = {
				BuildIndependentTargetsInParallel = 1;
				LastSwiftUpdateCheck = 1410;
				LastUpgradeCheck = 1410;
				TargetAttributes = {
					B52D8A28291D31DF00BA0251 = {
						CreatedOnToolsVersion = 14.1;
					};
					B52D8A3D291D31FD00BA0251 = {
						CreatedOnToolsVersion = 14.1;
					};
				};
			};
			buildConfigurationList = B52D8A24291D31DF00BA0251 /* Build configuration list for PBXProject "ShortcutApp" */;
			compatibilityVersion = "Xcode 14.0";
			developmentRegion = en;
			hasScannedForEncodings = 0;
			knownRegions = (
				en,
				Base,
			);
			mainGroup = B52D8A20291D31DF00BA0251;
			productRefGroup = B52D8A2A291D31DF00BA0251 /* Products */;
			projectDirPath = "";
			projectRoot = "";
			targets = (
				B52D8A28291D31DF00BA0251 /* ShortcutApp */,
				B52D8A3D291D31FD00BA0251 /* ShortcutWidgetExtension */,
			);
		};
/* End PBXProject section */

/* Begin PBXResourcesBuildPhase section */
		B52D8A27291D31DF00BA0251 /* Resources */ = {
			isa = PBXResourcesBuildPhase;
			buildActionMask = 2147483647;
			files = (
				B52D8A34291D31E100BA0251 /* Preview Assets.xcassets in Resources */,
				B52D8A31291D31E100BA0251 /* Assets.xcassets in Resources */,
			);
			runOnlyForDeploymentPostprocessing = 0;
		};
		B52D8A3C291D31FD00BA0251 /* Resources */ = {
			isa = PBXResourcesBuildPhase;
			buildActionMask = 2147483647;
			files = (
				B52D8A4B291D31FE00BA0251 /* Assets.xcassets in Resources */,
				B52D8A83291D35EA00BA0251 /* Colors.xcassets in Resources */,
			);
			runOnlyForDeploymentPostprocessing = 0;
		};
/* End PBXResourcesBuildPhase section */

/* Begin PBXSourcesBuildPhase section */
		B52D8A25291D31DF00BA0251 /* Sources */ = {
			isa = PBXSourcesBuildPhase;
			buildActionMask = 2147483647;
			files = (
				B52D8A2F291D31DF00BA0251 /* ContentView.swift in Sources */,
				B52D8A2D291D31DF00BA0251 /* ShortcutAppApp.swift in Sources */,
				B52D8A4E291D31FE00BA0251 /* ShortcutWidget.intentdefinition in Sources */,
				B5B907DE291D83A10035FB7A /* ShortcutData.swift in Sources */,
			);
			runOnlyForDeploymentPostprocessing = 0;
		};
		B52D8A3A291D31FD00BA0251 /* Sources */ = {
			isa = PBXSourcesBuildPhase;
			buildActionMask = 2147483647;
			files = (
				B52D8A7F291D354A00BA0251 /* ShortcutWidgetSmallView.swift in Sources */,
				B52D8A46291D31FD00BA0251 /* ShortcutWidgetBundle.swift in Sources */,
				B52D8A81291D358300BA0251 /* ShortcutWidgetColor.swift in Sources */,
				B5B907DF291DA6E80035FB7A /* ShortcutData.swift in Sources */,
				B5DF1AB82926F07A00A20EBE /* MediumButton.swift in Sources */,
				B52D8A48291D31FD00BA0251 /* ShortcutWidgetSmall.swift in Sources */,
				B52D8A7E291D354A00BA0251 /* ShortcutWidgetMediumView.swift in Sources */,
				B5B907E4291DECB70035FB7A /* ShortcutWidgetAction.swift in Sources */,
				B5B907E7291E8BF30035FB7A /* ShortcutWidgetMedium.swift in Sources */,
				B52D8A4D291D31FE00BA0251 /* ShortcutWidget.intentdefinition in Sources */,
			);
			runOnlyForDeploymentPostprocessing = 0;
		};
/* End PBXSourcesBuildPhase section */

/* Begin PBXTargetDependency section */
		B52D8A50291D31FE00BA0251 /* PBXTargetDependency */ = {
			isa = PBXTargetDependency;
			target = B52D8A3D291D31FD00BA0251 /* ShortcutWidgetExtension */;
			targetProxy = B52D8A4F291D31FE00BA0251 /* PBXContainerItemProxy */;
		};
/* End PBXTargetDependency section */

/* Begin XCBuildConfiguration section */
		B52D8A35291D31E100BA0251 /* Debug */ = {
			isa = XCBuildConfiguration;
			buildSettings = {
				ALWAYS_SEARCH_USER_PATHS = NO;
				CLANG_ANALYZER_NONNULL = YES;
				CLANG_ANALYZER_NUMBER_OBJECT_CONVERSION = YES_AGGRESSIVE;
				CLANG_CXX_LANGUAGE_STANDARD = "gnu++20";
				CLANG_ENABLE_MODULES = YES;
				CLANG_ENABLE_OBJC_ARC = YES;
				CLANG_ENABLE_OBJC_WEAK = YES;
				CLANG_WARN_BLOCK_CAPTURE_AUTORELEASING = YES;
				CLANG_WARN_BOOL_CONVERSION = YES;
				CLANG_WARN_COMMA = YES;
				CLANG_WARN_CONSTANT_CONVERSION = YES;
				CLANG_WARN_DEPRECATED_OBJC_IMPLEMENTATIONS = YES;
				CLANG_WARN_DIRECT_OBJC_ISA_USAGE = YES_ERROR;
				CLANG_WARN_DOCUMENTATION_COMMENTS = YES;
				CLANG_WARN_EMPTY_BODY = YES;
				CLANG_WARN_ENUM_CONVERSION = YES;
				CLANG_WARN_INFINITE_RECURSION = YES;
				CLANG_WARN_INT_CONVERSION = YES;
				CLANG_WARN_NON_LITERAL_NULL_CONVERSION = YES;
				CLANG_WARN_OBJC_IMPLICIT_RETAIN_SELF = YES;
				CLANG_WARN_OBJC_LITERAL_CONVERSION = YES;
				CLANG_WARN_OBJC_ROOT_CLASS = YES_ERROR;
				CLANG_WARN_QUOTED_INCLUDE_IN_FRAMEWORK_HEADER = YES;
				CLANG_WARN_RANGE_LOOP_ANALYSIS = YES;
				CLANG_WARN_STRICT_PROTOTYPES = YES;
				CLANG_WARN_SUSPICIOUS_MOVE = YES;
				CLANG_WARN_UNGUARDED_AVAILABILITY = YES_AGGRESSIVE;
				CLANG_WARN_UNREACHABLE_CODE = YES;
				CLANG_WARN__DUPLICATE_METHOD_MATCH = YES;
				COPY_PHASE_STRIP = NO;
				DEBUG_INFORMATION_FORMAT = dwarf;
				ENABLE_STRICT_OBJC_MSGSEND = YES;
				ENABLE_TESTABILITY = YES;
				GCC_C_LANGUAGE_STANDARD = gnu11;
				GCC_DYNAMIC_NO_PIC = NO;
				GCC_NO_COMMON_BLOCKS = YES;
				GCC_OPTIMIZATION_LEVEL = 0;
				GCC_PREPROCESSOR_DEFINITIONS = (
					"DEBUG=1",
					"$(inherited)",
				);
				GCC_WARN_64_TO_32_BIT_CONVERSION = YES;
				GCC_WARN_ABOUT_RETURN_TYPE = YES_ERROR;
				GCC_WARN_UNDECLARED_SELECTOR = YES;
				GCC_WARN_UNINITIALIZED_AUTOS = YES_AGGRESSIVE;
				GCC_WARN_UNUSED_FUNCTION = YES;
				GCC_WARN_UNUSED_VARIABLE = YES;
				IPHONEOS_DEPLOYMENT_TARGET = 16.1;
				MTL_ENABLE_DEBUG_INFO = INCLUDE_SOURCE;
				MTL_FAST_MATH = YES;
				ONLY_ACTIVE_ARCH = YES;
				SDKROOT = iphoneos;
				SWIFT_ACTIVE_COMPILATION_CONDITIONS = DEBUG;
				SWIFT_OPTIMIZATION_LEVEL = "-Onone";
			};
			name = Debug;
		};
		B52D8A36291D31E100BA0251 /* Release */ = {
			isa = XCBuildConfiguration;
			buildSettings = {
				ALWAYS_SEARCH_USER_PATHS = NO;
				CLANG_ANALYZER_NONNULL = YES;
				CLANG_ANALYZER_NUMBER_OBJECT_CONVERSION = YES_AGGRESSIVE;
				CLANG_CXX_LANGUAGE_STANDARD = "gnu++20";
				CLANG_ENABLE_MODULES = YES;
				CLANG_ENABLE_OBJC_ARC = YES;
				CLANG_ENABLE_OBJC_WEAK = YES;
				CLANG_WARN_BLOCK_CAPTURE_AUTORELEASING = YES;
				CLANG_WARN_BOOL_CONVERSION = YES;
				CLANG_WARN_COMMA = YES;
				CLANG_WARN_CONSTANT_CONVERSION = YES;
				CLANG_WARN_DEPRECATED_OBJC_IMPLEMENTATIONS = YES;
				CLANG_WARN_DIRECT_OBJC_ISA_USAGE = YES_ERROR;
				CLANG_WARN_DOCUMENTATION_COMMENTS = YES;
				CLANG_WARN_EMPTY_BODY = YES;
				CLANG_WARN_ENUM_CONVERSION = YES;
				CLANG_WARN_INFINITE_RECURSION = YES;
				CLANG_WARN_INT_CONVERSION = YES;
				CLANG_WARN_NON_LITERAL_NULL_CONVERSION = YES;
				CLANG_WARN_OBJC_IMPLICIT_RETAIN_SELF = YES;
				CLANG_WARN_OBJC_LITERAL_CONVERSION = YES;
				CLANG_WARN_OBJC_ROOT_CLASS = YES_ERROR;
				CLANG_WARN_QUOTED_INCLUDE_IN_FRAMEWORK_HEADER = YES;
				CLANG_WARN_RANGE_LOOP_ANALYSIS = YES;
				CLANG_WARN_STRICT_PROTOTYPES = YES;
				CLANG_WARN_SUSPICIOUS_MOVE = YES;
				CLANG_WARN_UNGUARDED_AVAILABILITY = YES_AGGRESSIVE;
				CLANG_WARN_UNREACHABLE_CODE = YES;
				CLANG_WARN__DUPLICATE_METHOD_MATCH = YES;
				COPY_PHASE_STRIP = NO;
				DEBUG_INFORMATION_FORMAT = "dwarf-with-dsym";
				ENABLE_NS_ASSERTIONS = NO;
				ENABLE_STRICT_OBJC_MSGSEND = YES;
				GCC_C_LANGUAGE_STANDARD = gnu11;
				GCC_NO_COMMON_BLOCKS = YES;
				GCC_WARN_64_TO_32_BIT_CONVERSION = YES;
				GCC_WARN_ABOUT_RETURN_TYPE = YES_ERROR;
				GCC_WARN_UNDECLARED_SELECTOR = YES;
				GCC_WARN_UNINITIALIZED_AUTOS = YES_AGGRESSIVE;
				GCC_WARN_UNUSED_FUNCTION = YES;
				GCC_WARN_UNUSED_VARIABLE = YES;
				IPHONEOS_DEPLOYMENT_TARGET = 16.1;
				MTL_ENABLE_DEBUG_INFO = NO;
				MTL_FAST_MATH = YES;
				SDKROOT = iphoneos;
				SWIFT_COMPILATION_MODE = wholemodule;
				SWIFT_OPTIMIZATION_LEVEL = "-O";
				VALIDATE_PRODUCT = YES;
			};
			name = Release;
		};
		B52D8A38291D31E100BA0251 /* Debug */ = {
			isa = XCBuildConfiguration;
			buildSettings = {
				ALWAYS_EMBED_SWIFT_STANDARD_LIBRARIES = YES;
				ASSETCATALOG_COMPILER_APPICON_NAME = AppIcon;
				ASSETCATALOG_COMPILER_GLOBAL_ACCENT_COLOR_NAME = AccentColor;
				CODE_SIGN_STYLE = Automatic;
				CURRENT_PROJECT_VERSION = 1;
				DEVELOPMENT_ASSET_PATHS = "\"ShortcutApp/Preview Content\"";
				DEVELOPMENT_TEAM = GAZK96UR75;
				ENABLE_PREVIEWS = YES;
				GENERATE_INFOPLIST_FILE = YES;
				INFOPLIST_FILE = ShortcutApp/Info.plist;
				INFOPLIST_KEY_UIApplicationSceneManifest_Generation = YES;
				INFOPLIST_KEY_UIApplicationSupportsIndirectInputEvents = YES;
				INFOPLIST_KEY_UILaunchScreen_Generation = YES;
				INFOPLIST_KEY_UISupportedInterfaceOrientations_iPad = "UIInterfaceOrientationPortrait UIInterfaceOrientationPortraitUpsideDown UIInterfaceOrientationLandscapeLeft UIInterfaceOrientationLandscapeRight";
				INFOPLIST_KEY_UISupportedInterfaceOrientations_iPhone = "UIInterfaceOrientationPortrait UIInterfaceOrientationLandscapeLeft UIInterfaceOrientationLandscapeRight";
				IPHONEOS_DEPLOYMENT_TARGET = 14.0;
				LD_RUNPATH_SEARCH_PATHS = (
					"$(inherited)",
					"@executable_path/Frameworks",
				);
				MARKETING_VERSION = 1.0;
				PRODUCT_BUNDLE_IDENTIFIER = com.gabrieltargon.ShortcutApp;
				PRODUCT_NAME = "$(TARGET_NAME)";
				SWIFT_EMIT_LOC_STRINGS = YES;
				SWIFT_VERSION = 5.0;
				TARGETED_DEVICE_FAMILY = "1,2";
			};
			name = Debug;
		};
		B52D8A39291D31E100BA0251 /* Release */ = {
			isa = XCBuildConfiguration;
			buildSettings = {
				ALWAYS_EMBED_SWIFT_STANDARD_LIBRARIES = YES;
				ASSETCATALOG_COMPILER_APPICON_NAME = AppIcon;
				ASSETCATALOG_COMPILER_GLOBAL_ACCENT_COLOR_NAME = AccentColor;
				CODE_SIGN_STYLE = Automatic;
				CURRENT_PROJECT_VERSION = 1;
				DEVELOPMENT_ASSET_PATHS = "\"ShortcutApp/Preview Content\"";
				DEVELOPMENT_TEAM = GAZK96UR75;
				ENABLE_PREVIEWS = YES;
				GENERATE_INFOPLIST_FILE = YES;
				INFOPLIST_FILE = ShortcutApp/Info.plist;
				INFOPLIST_KEY_UIApplicationSceneManifest_Generation = YES;
				INFOPLIST_KEY_UIApplicationSupportsIndirectInputEvents = YES;
				INFOPLIST_KEY_UILaunchScreen_Generation = YES;
				INFOPLIST_KEY_UISupportedInterfaceOrientations_iPad = "UIInterfaceOrientationPortrait UIInterfaceOrientationPortraitUpsideDown UIInterfaceOrientationLandscapeLeft UIInterfaceOrientationLandscapeRight";
				INFOPLIST_KEY_UISupportedInterfaceOrientations_iPhone = "UIInterfaceOrientationPortrait UIInterfaceOrientationLandscapeLeft UIInterfaceOrientationLandscapeRight";
				IPHONEOS_DEPLOYMENT_TARGET = 14.0;
				LD_RUNPATH_SEARCH_PATHS = (
					"$(inherited)",
					"@executable_path/Frameworks",
				);
				MARKETING_VERSION = 1.0;
				PRODUCT_BUNDLE_IDENTIFIER = com.gabrieltargon.ShortcutApp;
				PRODUCT_NAME = "$(TARGET_NAME)";
				SWIFT_EMIT_LOC_STRINGS = YES;
				SWIFT_VERSION = 5.0;
				TARGETED_DEVICE_FAMILY = "1,2";
			};
			name = Release;
		};
		B52D8A53291D31FE00BA0251 /* Debug */ = {
			isa = XCBuildConfiguration;
			buildSettings = {
				ASSETCATALOG_COMPILER_GLOBAL_ACCENT_COLOR_NAME = AccentColor;
				ASSETCATALOG_COMPILER_WIDGET_BACKGROUND_COLOR_NAME = WidgetBackground;
				CODE_SIGN_STYLE = Automatic;
				CURRENT_PROJECT_VERSION = 1;
				DEVELOPMENT_TEAM = GAZK96UR75;
				GENERATE_INFOPLIST_FILE = YES;
				INFOPLIST_FILE = ShortcutWidget/Info.plist;
				INFOPLIST_KEY_CFBundleDisplayName = ShortcutWidget;
				INFOPLIST_KEY_NSHumanReadableCopyright = "";
				IPHONEOS_DEPLOYMENT_TARGET = 14.0;
				LD_RUNPATH_SEARCH_PATHS = (
					"$(inherited)",
					"@executable_path/Frameworks",
					"@executable_path/../../Frameworks",
				);
				MARKETING_VERSION = 1.0;
				PRODUCT_BUNDLE_IDENTIFIER = com.gabrieltargon.ShortcutApp.ShortcutWidget;
				PRODUCT_NAME = "$(TARGET_NAME)";
				SKIP_INSTALL = YES;
				SWIFT_EMIT_LOC_STRINGS = YES;
				SWIFT_VERSION = 5.0;
				TARGETED_DEVICE_FAMILY = "1,2";
			};
			name = Debug;
		};
		B52D8A54291D31FE00BA0251 /* Release */ = {
			isa = XCBuildConfiguration;
			buildSettings = {
				ASSETCATALOG_COMPILER_GLOBAL_ACCENT_COLOR_NAME = AccentColor;
				ASSETCATALOG_COMPILER_WIDGET_BACKGROUND_COLOR_NAME = WidgetBackground;
				CODE_SIGN_STYLE = Automatic;
				CURRENT_PROJECT_VERSION = 1;
				DEVELOPMENT_TEAM = GAZK96UR75;
				GENERATE_INFOPLIST_FILE = YES;
				INFOPLIST_FILE = ShortcutWidget/Info.plist;
				INFOPLIST_KEY_CFBundleDisplayName = ShortcutWidget;
				INFOPLIST_KEY_NSHumanReadableCopyright = "";
				IPHONEOS_DEPLOYMENT_TARGET = 14.0;
				LD_RUNPATH_SEARCH_PATHS = (
					"$(inherited)",
					"@executable_path/Frameworks",
					"@executable_path/../../Frameworks",
				);
				MARKETING_VERSION = 1.0;
				PRODUCT_BUNDLE_IDENTIFIER = com.gabrieltargon.ShortcutApp.ShortcutWidget;
				PRODUCT_NAME = "$(TARGET_NAME)";
				SKIP_INSTALL = YES;
				SWIFT_EMIT_LOC_STRINGS = YES;
				SWIFT_VERSION = 5.0;
				TARGETED_DEVICE_FAMILY = "1,2";
			};
			name = Release;
		};
/* End XCBuildConfiguration section */

/* Begin XCConfigurationList section */
		B52D8A24291D31DF00BA0251 /* Build configuration list for PBXProject "ShortcutApp" */ = {
			isa = XCConfigurationList;
			buildConfigurations = (
				B52D8A35291D31E100BA0251 /* Debug */,
				B52D8A36291D31E100BA0251 /* Release */,
			);
			defaultConfigurationIsVisible = 0;
			defaultConfigurationName = Release;
		};
		B52D8A37291D31E100BA0251 /* Build configuration list for PBXNativeTarget "ShortcutApp" */ = {
			isa = XCConfigurationList;
			buildConfigurations = (
				B52D8A38291D31E100BA0251 /* Debug */,
				B52D8A39291D31E100BA0251 /* Release */,
			);
			defaultConfigurationIsVisible = 0;
			defaultConfigurationName = Release;
		};
		B52D8A52291D31FE00BA0251 /* Build configuration list for PBXNativeTarget "ShortcutWidgetExtension" */ = {
			isa = XCConfigurationList;
			buildConfigurations = (
				B52D8A53291D31FE00BA0251 /* Debug */,
				B52D8A54291D31FE00BA0251 /* Release */,
			);
			defaultConfigurationIsVisible = 0;
			defaultConfigurationName = Release;
		};
/* End XCConfigurationList section */
	};
	rootObject = B52D8A21291D31DF00BA0251 /* Project object */;
}
